// !$*UTF8*$!
{
	archiveVersion = 1;
	classes = {
	};
	objectVersion = 46;
	objects = {

/* Begin PBXBuildFile section */
		C5392E5F1AAE27CA00D72708 /* AudioToolbox.framework in Frameworks */ = {isa = PBXBuildFile; fileRef = C5392E491AAE275400D72708 /* AudioToolbox.framework */; };
		C5392E601AAE27CA00D72708 /* CFNetwork.framework in Frameworks */ = {isa = PBXBuildFile; fileRef = C5392E4A1AAE275400D72708 /* CFNetwork.framework */; };
		C5392E611AAE27CA00D72708 /* CoreGraphics.framework in Frameworks */ = {isa = PBXBuildFile; fileRef = C5392E4B1AAE275400D72708 /* CoreGraphics.framework */; };
		C5392E621AAE27CA00D72708 /* CoreLocation.framework in Frameworks */ = {isa = PBXBuildFile; fileRef = C5392E4C1AAE275400D72708 /* CoreLocation.framework */; };
		C5392E631AAE27CA00D72708 /* libsqlite3.dylib in Frameworks */ = {isa = PBXBuildFile; fileRef = C5392E4D1AAE275400D72708 /* libsqlite3.dylib */; };
		C5392E641AAE27CA00D72708 /* libz.dylib in Frameworks */ = {isa = PBXBuildFile; fileRef = C5392E4E1AAE275400D72708 /* libz.dylib */; };
		C5392E651AAE27CA00D72708 /* MobileCoreServices.framework in Frameworks */ = {isa = PBXBuildFile; fileRef = C5392E4F1AAE275400D72708 /* MobileCoreServices.framework */; };
		C5392E661AAE27CA00D72708 /* QuartzCore.framework in Frameworks */ = {isa = PBXBuildFile; fileRef = C5392E501AAE275400D72708 /* QuartzCore.framework */; };
		C5392E671AAE27CA00D72708 /* Security.framework in Frameworks */ = {isa = PBXBuildFile; fileRef = C5392E511AAE275400D72708 /* Security.framework */; };
		C5392E681AAE27CA00D72708 /* StoreKit.framework in Frameworks */ = {isa = PBXBuildFile; fileRef = C5392E521AAE275400D72708 /* StoreKit.framework */; };
		C5392E691AAE27CA00D72708 /* SystemConfiguration.framework in Frameworks */ = {isa = PBXBuildFile; fileRef = C5392E531AAE275400D72708 /* SystemConfiguration.framework */; };
		C5392E851AAE2E0300D72708 /* PostsTableViewController.swift in Sources */ = {isa = PBXBuildFile; fileRef = C5392E831AAE2E0300D72708 /* PostsTableViewController.swift */; };
		C5392E861AAE2E0300D72708 /* PostsTableViewCell.swift in Sources */ = {isa = PBXBuildFile; fileRef = C5392E841AAE2E0300D72708 /* PostsTableViewCell.swift */; };
		C5392E881AAE2E1000D72708 /* PostDetailViewController.swift in Sources */ = {isa = PBXBuildFile; fileRef = C5392E871AAE2E1000D72708 /* PostDetailViewController.swift */; };
		C5392E8A1AAE2EB800D72708 /* AboutMeViewController.swift in Sources */ = {isa = PBXBuildFile; fileRef = C5392E891AAE2EB800D72708 /* AboutMeViewController.swift */; };
		C5392E8F1AAE2F0800D72708 /* RougeScript-Regular.ttf in Resources */ = {isa = PBXBuildFile; fileRef = C5392E8C1AAE2F0800D72708 /* RougeScript-Regular.ttf */; };
		C5392E901AAE2F0800D72708 /* QuattrocentoSans-Regular.ttf in Resources */ = {isa = PBXBuildFile; fileRef = C5392E8D1AAE2F0800D72708 /* QuattrocentoSans-Regular.ttf */; };
		C5392E911AAE2F0800D72708 /* YanoneKaffeesatz-Regular.ttf in Resources */ = {isa = PBXBuildFile; fileRef = C5392E8E1AAE2F0800D72708 /* YanoneKaffeesatz-Regular.ttf */; };
		C5392F8A1AAE2F3A00D72708 /* .gitignore in Resources */ = {isa = PBXBuildFile; fileRef = C5392F2F1AAE2F3A00D72708 /* .gitignore */; };
		C5392F8B1AAE2F3A00D72708 /* ImageLoader.swift in Sources */ = {isa = PBXBuildFile; fileRef = C5392F301AAE2F3A00D72708 /* ImageLoader.swift */; };
		C5392F9C1AAE2F4400D72708 /* XMLParser.swift in Sources */ = {isa = PBXBuildFile; fileRef = C5392F9B1AAE2F4400D72708 /* XMLParser.swift */; };
		C5392F9E1AAE2F4F00D72708 /* AppDelegate.swift in Sources */ = {isa = PBXBuildFile; fileRef = C5392F9D1AAE2F4F00D72708 /* AppDelegate.swift */; };
		C5392FA01AAE2F5800D72708 /* BlogPost.swift in Sources */ = {isa = PBXBuildFile; fileRef = C5392F9F1AAE2F5800D72708 /* BlogPost.swift */; };
		C5392FA61AAE2F6300D72708 /* Main.storyboard in Resources */ = {isa = PBXBuildFile; fileRef = C5392FA21AAE2F6300D72708 /* Main.storyboard */; };
		C5392FA71AAE2F6300D72708 /* LaunchScreen.xib in Resources */ = {isa = PBXBuildFile; fileRef = C5392FA41AAE2F6300D72708 /* LaunchScreen.xib */; };
		C5392FA81AAE2F6300D72708 /* Images.xcassets in Resources */ = {isa = PBXBuildFile; fileRef = C5392FA51AAE2F6300D72708 /* Images.xcassets */; };
		C5392FAB1AAF4B1800D72708 /* PushNotificationController.swift in Sources */ = {isa = PBXBuildFile; fileRef = C5392FAA1AAF4B1800D72708 /* PushNotificationController.swift */; };
		C551D8421AAF506F00AC4C8B /* .gitignore in Resources */ = {isa = PBXBuildFile; fileRef = C551D8411AAF506F00AC4C8B /* .gitignore */; };
		C551D8461AAF54BE00AC4C8B /* ApiKeys.swift in Sources */ = {isa = PBXBuildFile; fileRef = C551D8451AAF54BE00AC4C8B /* ApiKeys.swift */; };
		C551D84A1AAF598900AC4C8B /* ApiKeys.plist in Resources */ = {isa = PBXBuildFile; fileRef = C551D8491AAF598900AC4C8B /* ApiKeys.plist */; };
		C5BE591C1AC77BB200611975 /* Settings.bundle in Resources */ = {isa = PBXBuildFile; fileRef = C5BE591B1AC77BB200611975 /* Settings.bundle */; };
		C5BE59261AC78A7900611975 /* acknowledgementGenerator.rb in Resources */ = {isa = PBXBuildFile; fileRef = C5BE59251AC78A7900611975 /* acknowledgementGenerator.rb */; };
		C5BE592A1AC78CA000611975 /* SwiftImageLoader.license in Resources */ = {isa = PBXBuildFile; fileRef = C5BE59291AC78CA000611975 /* SwiftImageLoader.license */; };
		C5BE592C1AC78F9D00611975 /* SWRevealViewController.license in Resources */ = {isa = PBXBuildFile; fileRef = C5BE592B1AC78F9D00611975 /* SWRevealViewController.license */; };
		C5BE592E1ACACAD500611975 /* IJReachability.license in Resources */ = {isa = PBXBuildFile; fileRef = C5BE592D1ACACAD500611975 /* IJReachability.license */; };
		C5BE59351ACC567A00611975 /* UIColorExtensions.swift in Sources */ = {isa = PBXBuildFile; fileRef = C5BE59341ACC567A00611975 /* UIColorExtensions.swift */; };
		C5BE593F1AD443DD00611975 /* FavoritesTableViewController.swift in Sources */ = {isa = PBXBuildFile; fileRef = C5BE593E1AD443DD00611975 /* FavoritesTableViewController.swift */; };
		C5BE59411AD4490100611975 /* StringExtensions.swift in Sources */ = {isa = PBXBuildFile; fileRef = C5BE59401AD4490100611975 /* StringExtensions.swift */; };
		C5CCBCA61A9CF04600A4F62D /* ThimbleOfHoneyTests.swift in Sources */ = {isa = PBXBuildFile; fileRef = C5CCBCA51A9CF04600A4F62D /* ThimbleOfHoneyTests.swift */; };
		C5E954811AD759D300017792 /* Bolts.framework in Frameworks */ = {isa = PBXBuildFile; fileRef = C5E9547B1AD759D300017792 /* Bolts.framework */; };
		C5E954821AD759D300017792 /* Parse.framework in Frameworks */ = {isa = PBXBuildFile; fileRef = C5E9547C1AD759D300017792 /* Parse.framework */; };
		C5E954861AD759D300017792 /* ParseUI.framework in Frameworks */ = {isa = PBXBuildFile; fileRef = C5E954801AD759D300017792 /* ParseUI.framework */; };
		C5FF36E31ABDFDC7006829E7 /* Social.framework in Frameworks */ = {isa = PBXBuildFile; fileRef = C5FF36E21ABDFDC7006829E7 /* Social.framework */; };
		C5FF36E51ABDFDCF006829E7 /* Accounts.framework in Frameworks */ = {isa = PBXBuildFile; fileRef = C5FF36E41ABDFDCF006829E7 /* Accounts.framework */; };
		C5FF36E71ABE1B7F006829E7 /* MenuViewController.swift in Sources */ = {isa = PBXBuildFile; fileRef = C5FF36E61ABE1B7F006829E7 /* MenuViewController.swift */; };
		C5FF36ED1ABE355A006829E7 /* SWRevealViewController.m in Sources */ = {isa = PBXBuildFile; fileRef = C5FF36EC1ABE355A006829E7 /* SWRevealViewController.m */; };
		F687AD378FB35969D60E49CB /* Pods_ThimbleOfHoney.framework in Frameworks */ = {isa = PBXBuildFile; fileRef = 1D152754AF0CF5076F760966 /* Pods_ThimbleOfHoney.framework */; settings = {ATTRIBUTES = (Weak, ); }; };
/* End PBXBuildFile section */

/* Begin PBXContainerItemProxy section */
		C5CCBCA01A9CF04600A4F62D /* PBXContainerItemProxy */ = {
			isa = PBXContainerItemProxy;
			containerPortal = C5CCBC821A9CF04600A4F62D /* Project object */;
			proxyType = 1;
			remoteGlobalIDString = C5CCBC891A9CF04600A4F62D;
			remoteInfo = ThimbleOfHoney;
		};
/* End PBXContainerItemProxy section */

/* Begin PBXFileReference section */
		071DD47821F7C19242F2D1CA /* Pods-ThimbleOfHoney.debug.xcconfig */ = {isa = PBXFileReference; includeInIndex = 1; lastKnownFileType = text.xcconfig; name = "Pods-ThimbleOfHoney.debug.xcconfig"; path = "Pods/Target Support Files/Pods-ThimbleOfHoney/Pods-ThimbleOfHoney.debug.xcconfig"; sourceTree = "<group>"; };
		1D152754AF0CF5076F760966 /* Pods_ThimbleOfHoney.framework */ = {isa = PBXFileReference; explicitFileType = wrapper.framework; includeInIndex = 0; path = Pods_ThimbleOfHoney.framework; sourceTree = BUILT_PRODUCTS_DIR; };
		42314701E9D7697CA59685B4 /* Pods-ThimbleOfHoney.release.xcconfig */ = {isa = PBXFileReference; includeInIndex = 1; lastKnownFileType = text.xcconfig; name = "Pods-ThimbleOfHoney.release.xcconfig"; path = "Pods/Target Support Files/Pods-ThimbleOfHoney/Pods-ThimbleOfHoney.release.xcconfig"; sourceTree = "<group>"; };
		C5392E491AAE275400D72708 /* AudioToolbox.framework */ = {isa = PBXFileReference; lastKnownFileType = wrapper.framework; name = AudioToolbox.framework; path = System/Library/Frameworks/AudioToolbox.framework; sourceTree = SDKROOT; };
		C5392E4A1AAE275400D72708 /* CFNetwork.framework */ = {isa = PBXFileReference; lastKnownFileType = wrapper.framework; name = CFNetwork.framework; path = System/Library/Frameworks/CFNetwork.framework; sourceTree = SDKROOT; };
		C5392E4B1AAE275400D72708 /* CoreGraphics.framework */ = {isa = PBXFileReference; lastKnownFileType = wrapper.framework; name = CoreGraphics.framework; path = System/Library/Frameworks/CoreGraphics.framework; sourceTree = SDKROOT; };
		C5392E4C1AAE275400D72708 /* CoreLocation.framework */ = {isa = PBXFileReference; lastKnownFileType = wrapper.framework; name = CoreLocation.framework; path = System/Library/Frameworks/CoreLocation.framework; sourceTree = SDKROOT; };
		C5392E4D1AAE275400D72708 /* libsqlite3.dylib */ = {isa = PBXFileReference; lastKnownFileType = "compiled.mach-o.dylib"; name = libsqlite3.dylib; path = usr/lib/libsqlite3.dylib; sourceTree = SDKROOT; };
		C5392E4E1AAE275400D72708 /* libz.dylib */ = {isa = PBXFileReference; lastKnownFileType = "compiled.mach-o.dylib"; name = libz.dylib; path = usr/lib/libz.dylib; sourceTree = SDKROOT; };
		C5392E4F1AAE275400D72708 /* MobileCoreServices.framework */ = {isa = PBXFileReference; lastKnownFileType = wrapper.framework; name = MobileCoreServices.framework; path = System/Library/Frameworks/MobileCoreServices.framework; sourceTree = SDKROOT; };
		C5392E501AAE275400D72708 /* QuartzCore.framework */ = {isa = PBXFileReference; lastKnownFileType = wrapper.framework; name = QuartzCore.framework; path = System/Library/Frameworks/QuartzCore.framework; sourceTree = SDKROOT; };
		C5392E511AAE275400D72708 /* Security.framework */ = {isa = PBXFileReference; lastKnownFileType = wrapper.framework; name = Security.framework; path = System/Library/Frameworks/Security.framework; sourceTree = SDKROOT; };
		C5392E521AAE275400D72708 /* StoreKit.framework */ = {isa = PBXFileReference; lastKnownFileType = wrapper.framework; name = StoreKit.framework; path = System/Library/Frameworks/StoreKit.framework; sourceTree = SDKROOT; };
		C5392E531AAE275400D72708 /* SystemConfiguration.framework */ = {isa = PBXFileReference; lastKnownFileType = wrapper.framework; name = SystemConfiguration.framework; path = System/Library/Frameworks/SystemConfiguration.framework; sourceTree = SDKROOT; };
		C5392E831AAE2E0300D72708 /* PostsTableViewController.swift */ = {isa = PBXFileReference; fileEncoding = 4; lastKnownFileType = sourcecode.swift; name = PostsTableViewController.swift; path = Controllers/TableView/PostsTableViewController.swift; sourceTree = "<group>"; };
		C5392E841AAE2E0300D72708 /* PostsTableViewCell.swift */ = {isa = PBXFileReference; fileEncoding = 4; lastKnownFileType = sourcecode.swift; name = PostsTableViewCell.swift; path = Controllers/TableView/PostsTableViewCell.swift; sourceTree = "<group>"; };
		C5392E871AAE2E1000D72708 /* PostDetailViewController.swift */ = {isa = PBXFileReference; fileEncoding = 4; lastKnownFileType = sourcecode.swift; name = PostDetailViewController.swift; path = Controllers/PostDetailViewController.swift; sourceTree = "<group>"; };
		C5392E891AAE2EB800D72708 /* AboutMeViewController.swift */ = {isa = PBXFileReference; fileEncoding = 4; lastKnownFileType = sourcecode.swift; name = AboutMeViewController.swift; path = Controllers/AboutMeViewController.swift; sourceTree = "<group>"; };
		C5392E8C1AAE2F0800D72708 /* RougeScript-Regular.ttf */ = {isa = PBXFileReference; lastKnownFileType = file; name = "RougeScript-Regular.ttf"; path = "Resources/Fonts/RougeScript-Regular.ttf"; sourceTree = "<group>"; };
		C5392E8D1AAE2F0800D72708 /* QuattrocentoSans-Regular.ttf */ = {isa = PBXFileReference; lastKnownFileType = file; name = "QuattrocentoSans-Regular.ttf"; path = "Resources/Fonts/QuattrocentoSans-Regular.ttf"; sourceTree = "<group>"; };
		C5392E8E1AAE2F0800D72708 /* YanoneKaffeesatz-Regular.ttf */ = {isa = PBXFileReference; lastKnownFileType = file; name = "YanoneKaffeesatz-Regular.ttf"; path = "Resources/Fonts/YanoneKaffeesatz-Regular.ttf"; sourceTree = "<group>"; };
		C5392F2F1AAE2F3A00D72708 /* .gitignore */ = {isa = PBXFileReference; fileEncoding = 4; lastKnownFileType = text; path = .gitignore; sourceTree = "<group>"; };
		C5392F301AAE2F3A00D72708 /* ImageLoader.swift */ = {isa = PBXFileReference; fileEncoding = 4; lastKnownFileType = sourcecode.swift; path = ImageLoader.swift; sourceTree = "<group>"; };
		C5392F9B1AAE2F4400D72708 /* XMLParser.swift */ = {isa = PBXFileReference; fileEncoding = 4; lastKnownFileType = sourcecode.swift; name = XMLParser.swift; path = Helpers/XMLParser.swift; sourceTree = "<group>"; };
		C5392F9D1AAE2F4F00D72708 /* AppDelegate.swift */ = {isa = PBXFileReference; fileEncoding = 4; lastKnownFileType = sourcecode.swift; name = AppDelegate.swift; path = Delegate/AppDelegate.swift; sourceTree = "<group>"; };
		C5392F9F1AAE2F5800D72708 /* BlogPost.swift */ = {isa = PBXFileReference; fileEncoding = 4; lastKnownFileType = sourcecode.swift; name = BlogPost.swift; path = Model/BlogPost.swift; sourceTree = "<group>"; };
		C5392FA31AAE2F6300D72708 /* Base */ = {isa = PBXFileReference; lastKnownFileType = file.storyboard; name = Base; path = Main.storyboard; sourceTree = "<group>"; };
		C5392FA41AAE2F6300D72708 /* LaunchScreen.xib */ = {isa = PBXFileReference; fileEncoding = 4; lastKnownFileType = file.xib; name = LaunchScreen.xib; path = View/LaunchScreen.xib; sourceTree = "<group>"; };
		C5392FA51AAE2F6300D72708 /* Images.xcassets */ = {isa = PBXFileReference; lastKnownFileType = folder.assetcatalog; name = Images.xcassets; path = View/Images.xcassets; sourceTree = "<group>"; };
		C5392FA91AAE2FB300D72708 /* ThimbleOfHoney-Bridging-Header.h */ = {isa = PBXFileReference; fileEncoding = 4; lastKnownFileType = sourcecode.c.h; path = "ThimbleOfHoney-Bridging-Header.h"; sourceTree = "<group>"; };
		C5392FAA1AAF4B1800D72708 /* PushNotificationController.swift */ = {isa = PBXFileReference; fileEncoding = 4; lastKnownFileType = sourcecode.swift; name = PushNotificationController.swift; path = Controllers/PushNotificationController.swift; sourceTree = "<group>"; };
		C551D8411AAF506F00AC4C8B /* .gitignore */ = {isa = PBXFileReference; fileEncoding = 4; lastKnownFileType = text; path = .gitignore; sourceTree = "<group>"; };
		C551D8451AAF54BE00AC4C8B /* ApiKeys.swift */ = {isa = PBXFileReference; fileEncoding = 4; lastKnownFileType = sourcecode.swift; name = ApiKeys.swift; path = Helpers/ApiKeys.swift; sourceTree = "<group>"; };
		C551D8491AAF598900AC4C8B /* ApiKeys.plist */ = {isa = PBXFileReference; fileEncoding = 4; lastKnownFileType = text.plist.xml; name = ApiKeys.plist; path = Resources/ApiKeys.plist; sourceTree = "<group>"; };
		C5BE591B1AC77BB200611975 /* Settings.bundle */ = {isa = PBXFileReference; lastKnownFileType = "wrapper.plug-in"; name = Settings.bundle; path = Resources/Settings.bundle; sourceTree = "<group>"; };
		C5BE59251AC78A7900611975 /* acknowledgementGenerator.rb */ = {isa = PBXFileReference; fileEncoding = 4; lastKnownFileType = text.script.ruby; name = acknowledgementGenerator.rb; path = Resources/acknowledgementGenerator.rb; sourceTree = "<group>"; };
		C5BE59291AC78CA000611975 /* SwiftImageLoader.license */ = {isa = PBXFileReference; fileEncoding = 4; lastKnownFileType = text; name = SwiftImageLoader.license; path = Resources/Licenses/SwiftImageLoader.license; sourceTree = "<group>"; };
		C5BE592B1AC78F9D00611975 /* SWRevealViewController.license */ = {isa = PBXFileReference; fileEncoding = 4; lastKnownFileType = text; name = SWRevealViewController.license; path = Resources/Licenses/SWRevealViewController.license; sourceTree = "<group>"; };
		C5BE592D1ACACAD500611975 /* IJReachability.license */ = {isa = PBXFileReference; fileEncoding = 4; lastKnownFileType = text; name = IJReachability.license; path = Resources/Licenses/IJReachability.license; sourceTree = "<group>"; };
		C5BE59341ACC567A00611975 /* UIColorExtensions.swift */ = {isa = PBXFileReference; fileEncoding = 4; lastKnownFileType = sourcecode.swift; name = UIColorExtensions.swift; path = Helpers/UIColorExtensions.swift; sourceTree = "<group>"; };
		C5BE593E1AD443DD00611975 /* FavoritesTableViewController.swift */ = {isa = PBXFileReference; fileEncoding = 4; lastKnownFileType = sourcecode.swift; name = FavoritesTableViewController.swift; path = Controllers/TableView/FavoritesTableViewController.swift; sourceTree = "<group>"; };
		C5BE59401AD4490100611975 /* StringExtensions.swift */ = {isa = PBXFileReference; fileEncoding = 4; lastKnownFileType = sourcecode.swift; name = StringExtensions.swift; path = Helpers/StringExtensions.swift; sourceTree = "<group>"; };
		C5CCBC8A1A9CF04600A4F62D /* ThimbleOfHoney.app */ = {isa = PBXFileReference; explicitFileType = wrapper.application; includeInIndex = 0; path = ThimbleOfHoney.app; sourceTree = BUILT_PRODUCTS_DIR; };
		C5CCBC8E1A9CF04600A4F62D /* Info.plist */ = {isa = PBXFileReference; lastKnownFileType = text.plist.xml; path = Info.plist; sourceTree = "<group>"; };
		C5CCBC9F1A9CF04600A4F62D /* ThimbleOfHoneyTests.xctest */ = {isa = PBXFileReference; explicitFileType = wrapper.cfbundle; includeInIndex = 0; path = ThimbleOfHoneyTests.xctest; sourceTree = BUILT_PRODUCTS_DIR; };
		C5CCBCA41A9CF04600A4F62D /* Info.plist */ = {isa = PBXFileReference; lastKnownFileType = text.plist.xml; path = Info.plist; sourceTree = "<group>"; };
		C5CCBCA51A9CF04600A4F62D /* ThimbleOfHoneyTests.swift */ = {isa = PBXFileReference; lastKnownFileType = sourcecode.swift; path = ThimbleOfHoneyTests.swift; sourceTree = "<group>"; };
		C5E9547B1AD759D300017792 /* Bolts.framework */ = {isa = PBXFileReference; lastKnownFileType = wrapper.framework; name = Bolts.framework; path = Frameworks/Bolts.framework; sourceTree = "<group>"; };
		C5E9547C1AD759D300017792 /* Parse.framework */ = {isa = PBXFileReference; lastKnownFileType = wrapper.framework; name = Parse.framework; path = Frameworks/Parse.framework; sourceTree = "<group>"; };
		C5E954801AD759D300017792 /* ParseUI.framework */ = {isa = PBXFileReference; lastKnownFileType = wrapper.framework; name = ParseUI.framework; path = Frameworks/ParseUI.framework; sourceTree = "<group>"; };
		C5FF36E21ABDFDC7006829E7 /* Social.framework */ = {isa = PBXFileReference; lastKnownFileType = wrapper.framework; name = Social.framework; path = System/Library/Frameworks/Social.framework; sourceTree = SDKROOT; };
		C5FF36E41ABDFDCF006829E7 /* Accounts.framework */ = {isa = PBXFileReference; lastKnownFileType = wrapper.framework; name = Accounts.framework; path = System/Library/Frameworks/Accounts.framework; sourceTree = SDKROOT; };
		C5FF36E61ABE1B7F006829E7 /* MenuViewController.swift */ = {isa = PBXFileReference; fileEncoding = 4; lastKnownFileType = sourcecode.swift; name = MenuViewController.swift; path = Controllers/MenuViewController.swift; sourceTree = "<group>"; };
		C5FF36EB1ABE355A006829E7 /* SWRevealViewController.h */ = {isa = PBXFileReference; fileEncoding = 4; lastKnownFileType = sourcecode.c.h; path = SWRevealViewController.h; sourceTree = "<group>"; };
		C5FF36EC1ABE355A006829E7 /* SWRevealViewController.m */ = {isa = PBXFileReference; fileEncoding = 4; lastKnownFileType = sourcecode.c.objc; path = SWRevealViewController.m; sourceTree = "<group>"; };
/* End PBXFileReference section */

/* Begin PBXFrameworksBuildPhase section */
		C5CCBC871A9CF04600A4F62D /* Frameworks */ = {
			isa = PBXFrameworksBuildPhase;
			buildActionMask = 2147483647;
			files = (
				C5E954811AD759D300017792 /* Bolts.framework in Frameworks */,
				C5FF36E51ABDFDCF006829E7 /* Accounts.framework in Frameworks */,
				C5E954861AD759D300017792 /* ParseUI.framework in Frameworks */,
				C5FF36E31ABDFDC7006829E7 /* Social.framework in Frameworks */,
				C5392E5F1AAE27CA00D72708 /* AudioToolbox.framework in Frameworks */,
				C5392E601AAE27CA00D72708 /* CFNetwork.framework in Frameworks */,
				C5392E611AAE27CA00D72708 /* CoreGraphics.framework in Frameworks */,
				C5E954821AD759D300017792 /* Parse.framework in Frameworks */,
				C5392E621AAE27CA00D72708 /* CoreLocation.framework in Frameworks */,
				C5392E631AAE27CA00D72708 /* libsqlite3.dylib in Frameworks */,
				C5392E641AAE27CA00D72708 /* libz.dylib in Frameworks */,
				C5392E651AAE27CA00D72708 /* MobileCoreServices.framework in Frameworks */,
				C5392E661AAE27CA00D72708 /* QuartzCore.framework in Frameworks */,
				C5392E671AAE27CA00D72708 /* Security.framework in Frameworks */,
				C5392E681AAE27CA00D72708 /* StoreKit.framework in Frameworks */,
				C5392E691AAE27CA00D72708 /* SystemConfiguration.framework in Frameworks */,
				F687AD378FB35969D60E49CB /* Pods_ThimbleOfHoney.framework in Frameworks */,
			);
			runOnlyForDeploymentPostprocessing = 0;
		};
		C5CCBC9C1A9CF04600A4F62D /* Frameworks */ = {
			isa = PBXFrameworksBuildPhase;
			buildActionMask = 2147483647;
			files = (
			);
			runOnlyForDeploymentPostprocessing = 0;
		};
/* End PBXFrameworksBuildPhase section */

/* Begin PBXGroup section */
		05B61D6BCF06FDF66712591F /* Frameworks */ = {
			isa = PBXGroup;
			children = (
				C5FF36E41ABDFDCF006829E7 /* Accounts.framework */,
				C5FF36E21ABDFDC7006829E7 /* Social.framework */,
				1D152754AF0CF5076F760966 /* Pods_ThimbleOfHoney.framework */,
			);
			name = Frameworks;
			sourceTree = "<group>";
		};
		3E8B8E288A76EB57389B91CD /* Pods */ = {
			isa = PBXGroup;
			children = (
				071DD47821F7C19242F2D1CA /* Pods-ThimbleOfHoney.debug.xcconfig */,
				42314701E9D7697CA59685B4 /* Pods-ThimbleOfHoney.release.xcconfig */,
			);
			name = Pods;
			sourceTree = "<group>";
		};
		C5392E441AAE26CD00D72708 /* Frameworks */ = {
			isa = PBXGroup;
			children = (
				C5E9547B1AD759D300017792 /* Bolts.framework */,
				C5E9547C1AD759D300017792 /* Parse.framework */,
				C5E954801AD759D300017792 /* ParseUI.framework */,
				C5392E491AAE275400D72708 /* AudioToolbox.framework */,
				C5392E4A1AAE275400D72708 /* CFNetwork.framework */,
				C5392E4B1AAE275400D72708 /* CoreGraphics.framework */,
				C5392E4C1AAE275400D72708 /* CoreLocation.framework */,
				C5392E4D1AAE275400D72708 /* libsqlite3.dylib */,
				C5392E4E1AAE275400D72708 /* libz.dylib */,
				C5392E4F1AAE275400D72708 /* MobileCoreServices.framework */,
				C5392E501AAE275400D72708 /* QuartzCore.framework */,
				C5392E511AAE275400D72708 /* Security.framework */,
				C5392E521AAE275400D72708 /* StoreKit.framework */,
				C5392E531AAE275400D72708 /* SystemConfiguration.framework */,
			);
			name = Frameworks;
			sourceTree = "<group>";
		};
		C5392E6A1AAE29C500D72708 /* Model */ = {
			isa = PBXGroup;
			children = (
				C5392F9F1AAE2F5800D72708 /* BlogPost.swift */,
			);
			name = Model;
			sourceTree = "<group>";
		};
		C5392E6B1AAE29D700D72708 /* View */ = {
			isa = PBXGroup;
			children = (
				C5392FA11AAE2F6300D72708 /* Base.lproj */,
				C5392FA41AAE2F6300D72708 /* LaunchScreen.xib */,
				C5392FA51AAE2F6300D72708 /* Images.xcassets */,
			);
			name = View;
			sourceTree = "<group>";
		};
		C5392E6C1AAE29E200D72708 /* Delegate */ = {
			isa = PBXGroup;
			children = (
				C5392F9D1AAE2F4F00D72708 /* AppDelegate.swift */,
			);
			name = Delegate;
			sourceTree = "<group>";
		};
		C5392E6D1AAE29F000D72708 /* Controllers */ = {
			isa = PBXGroup;
			children = (
				C5392E891AAE2EB800D72708 /* AboutMeViewController.swift */,
				C5FF36E61ABE1B7F006829E7 /* MenuViewController.swift */,
				C5392E871AAE2E1000D72708 /* PostDetailViewController.swift */,
				C5392FAA1AAF4B1800D72708 /* PushNotificationController.swift */,
				C5392E7D1AAE2DDA00D72708 /* TableView */,
			);
			name = Controllers;
			sourceTree = "<group>";
		};
		C5392E6E1AAE2A0C00D72708 /* Helpers */ = {
			isa = PBXGroup;
			children = (
				C551D8451AAF54BE00AC4C8B /* ApiKeys.swift */,
				C5BE59341ACC567A00611975 /* UIColorExtensions.swift */,
				C5392F9B1AAE2F4400D72708 /* XMLParser.swift */,
				C5BE59401AD4490100611975 /* StringExtensions.swift */,
			);
			name = Helpers;
			sourceTree = "<group>";
		};
		C5392E6F1AAE2A1900D72708 /* Third-Party */ = {
			isa = PBXGroup;
			children = (
				C5FF36EA1ABE355A006829E7 /* SWRevealViewController */,
				C5392F2E1AAE2F3A00D72708 /* SwiftImageLoader */,
			);
			name = "Third-Party";
			sourceTree = "<group>";
		};
		C5392E7D1AAE2DDA00D72708 /* TableView */ = {
			isa = PBXGroup;
			children = (
				C5392E831AAE2E0300D72708 /* PostsTableViewController.swift */,
				C5392E841AAE2E0300D72708 /* PostsTableViewCell.swift */,
				C5BE593E1AD443DD00611975 /* FavoritesTableViewController.swift */,
			);
			name = TableView;
			sourceTree = "<group>";
		};
		C5392E8B1AAE2EF700D72708 /* Fonts */ = {
			isa = PBXGroup;
			children = (
				C5392E8C1AAE2F0800D72708 /* RougeScript-Regular.ttf */,
				C5392E8D1AAE2F0800D72708 /* QuattrocentoSans-Regular.ttf */,
				C5392E8E1AAE2F0800D72708 /* YanoneKaffeesatz-Regular.ttf */,
			);
			name = Fonts;
			sourceTree = "<group>";
		};
		C5392F2E1AAE2F3A00D72708 /* SwiftImageLoader */ = {
			isa = PBXGroup;
			children = (
				C5392F2F1AAE2F3A00D72708 /* .gitignore */,
				C5392F301AAE2F3A00D72708 /* ImageLoader.swift */,
			);
			name = SwiftImageLoader;
			path = "Third-Party/SwiftImageLoader";
			sourceTree = "<group>";
		};
		C5392FA11AAE2F6300D72708 /* Base.lproj */ = {
			isa = PBXGroup;
			children = (
				C5392FA21AAE2F6300D72708 /* Main.storyboard */,
			);
			name = Base.lproj;
			path = View/Base.lproj;
			sourceTree = "<group>";
		};
		C5BE591D1AC77EF300611975 /* Licenses */ = {
			isa = PBXGroup;
			children = (
				C5BE592D1ACACAD500611975 /* IJReachability.license */,
				C5BE592B1AC78F9D00611975 /* SWRevealViewController.license */,
				C5BE59291AC78CA000611975 /* SwiftImageLoader.license */,
			);
			name = Licenses;
			sourceTree = "<group>";
		};
		C5CCBC811A9CF04600A4F62D = {
			isa = PBXGroup;
			children = (
				C551D8411AAF506F00AC4C8B /* .gitignore */,
				C5CCBC8C1A9CF04600A4F62D /* ThimbleOfHoney */,
				C5CCBCA21A9CF04600A4F62D /* ThimbleOfHoneyTests */,
				C5CCBC8B1A9CF04600A4F62D /* Products */,
				3E8B8E288A76EB57389B91CD /* Pods */,
				05B61D6BCF06FDF66712591F /* Frameworks */,
			);
			sourceTree = "<group>";
		};
		C5CCBC8B1A9CF04600A4F62D /* Products */ = {
			isa = PBXGroup;
			children = (
				C5CCBC8A1A9CF04600A4F62D /* ThimbleOfHoney.app */,
				C5CCBC9F1A9CF04600A4F62D /* ThimbleOfHoneyTests.xctest */,
			);
			name = Products;
			sourceTree = "<group>";
		};
		C5CCBC8C1A9CF04600A4F62D /* ThimbleOfHoney */ = {
			isa = PBXGroup;
			children = (
				C5392FA91AAE2FB300D72708 /* ThimbleOfHoney-Bridging-Header.h */,
				C5392E6F1AAE2A1900D72708 /* Third-Party */,
				C5392E6E1AAE2A0C00D72708 /* Helpers */,
				C5392E6C1AAE29E200D72708 /* Delegate */,
				C5392E6A1AAE29C500D72708 /* Model */,
				C5392E6B1AAE29D700D72708 /* View */,
				C5392E6D1AAE29F000D72708 /* Controllers */,
				C5392E441AAE26CD00D72708 /* Frameworks */,
				C5CCBCC31A9F8DEA00A4F62D /* Resources */,
				C5CCBC8D1A9CF04600A4F62D /* Supporting Files */,
			);
			path = ThimbleOfHoney;
			sourceTree = "<group>";
		};
		C5CCBC8D1A9CF04600A4F62D /* Supporting Files */ = {
			isa = PBXGroup;
			children = (
				C5CCBC8E1A9CF04600A4F62D /* Info.plist */,
			);
			name = "Supporting Files";
			sourceTree = "<group>";
		};
		C5CCBCA21A9CF04600A4F62D /* ThimbleOfHoneyTests */ = {
			isa = PBXGroup;
			children = (
				C5CCBCA51A9CF04600A4F62D /* ThimbleOfHoneyTests.swift */,
				C5CCBCA31A9CF04600A4F62D /* Supporting Files */,
			);
			path = ThimbleOfHoneyTests;
			sourceTree = "<group>";
		};
		C5CCBCA31A9CF04600A4F62D /* Supporting Files */ = {
			isa = PBXGroup;
			children = (
				C5CCBCA41A9CF04600A4F62D /* Info.plist */,
			);
			name = "Supporting Files";
			sourceTree = "<group>";
		};
		C5CCBCC31A9F8DEA00A4F62D /* Resources */ = {
			isa = PBXGroup;
			children = (
				C5BE59251AC78A7900611975 /* acknowledgementGenerator.rb */,
				C5BE591D1AC77EF300611975 /* Licenses */,
				C5392E8B1AAE2EF700D72708 /* Fonts */,
				C551D8491AAF598900AC4C8B /* ApiKeys.plist */,
				C5BE591B1AC77BB200611975 /* Settings.bundle */,
			);
			name = Resources;
			sourceTree = "<group>";
		};
		C5FF36EA1ABE355A006829E7 /* SWRevealViewController */ = {
			isa = PBXGroup;
			children = (
				C5FF36EB1ABE355A006829E7 /* SWRevealViewController.h */,
				C5FF36EC1ABE355A006829E7 /* SWRevealViewController.m */,
			);
			name = SWRevealViewController;
			path = "Third-Party/SWRevealViewController";
			sourceTree = "<group>";
		};
/* End PBXGroup section */

/* Begin PBXNativeTarget section */
		C5CCBC891A9CF04600A4F62D /* ThimbleOfHoney */ = {
			isa = PBXNativeTarget;
			buildConfigurationList = C5CCBCA91A9CF04600A4F62D /* Build configuration list for PBXNativeTarget "ThimbleOfHoney" */;
			buildPhases = (
				5BBA99337EC40CDCA5AE8584 /* Check Pods Manifest.lock */,
				C5CCBC861A9CF04600A4F62D /* Sources */,
				C5CCBC871A9CF04600A4F62D /* Frameworks */,
				C5CCBC881A9CF04600A4F62D /* Resources */,
				A52080714AE42237C1D2BEEC /* Embed Pods Frameworks */,
				0A3A9E47F52AD1D4665361A9 /* Copy Pods Resources */,
				C5BE591E1AC7816700611975 /* ShellScript */,
			);
			buildRules = (
			);
			dependencies = (
			);
			name = ThimbleOfHoney;
			productName = ThimbleOfHoney;
			productReference = C5CCBC8A1A9CF04600A4F62D /* ThimbleOfHoney.app */;
			productType = "com.apple.product-type.application";
		};
		C5CCBC9E1A9CF04600A4F62D /* ThimbleOfHoneyTests */ = {
			isa = PBXNativeTarget;
			buildConfigurationList = C5CCBCAC1A9CF04600A4F62D /* Build configuration list for PBXNativeTarget "ThimbleOfHoneyTests" */;
			buildPhases = (
				C5CCBC9B1A9CF04600A4F62D /* Sources */,
				C5CCBC9C1A9CF04600A4F62D /* Frameworks */,
				C5CCBC9D1A9CF04600A4F62D /* Resources */,
			);
			buildRules = (
			);
			dependencies = (
				C5CCBCA11A9CF04600A4F62D /* PBXTargetDependency */,
			);
			name = ThimbleOfHoneyTests;
			productName = ThimbleOfHoneyTests;
			productReference = C5CCBC9F1A9CF04600A4F62D /* ThimbleOfHoneyTests.xctest */;
			productType = "com.apple.product-type.bundle.unit-test";
		};
/* End PBXNativeTarget section */

/* Begin PBXProject section */
		C5CCBC821A9CF04600A4F62D /* Project object */ = {
			isa = PBXProject;
			attributes = {
				LastUpgradeCheck = 0610;
				ORGANIZATIONNAME = CWS;
				TargetAttributes = {
					C5CCBC891A9CF04600A4F62D = {
						CreatedOnToolsVersion = 6.1.1;
						DevelopmentTeam = JSH7R78D22;
					};
					C5CCBC9E1A9CF04600A4F62D = {
						CreatedOnToolsVersion = 6.1.1;
						DevelopmentTeam = JSH7R78D22;
						TestTargetID = C5CCBC891A9CF04600A4F62D;
					};
				};
			};
			buildConfigurationList = C5CCBC851A9CF04600A4F62D /* Build configuration list for PBXProject "ThimbleOfHoney" */;
			compatibilityVersion = "Xcode 3.2";
			developmentRegion = English;
			hasScannedForEncodings = 0;
			knownRegions = (
				en,
				Base,
			);
			mainGroup = C5CCBC811A9CF04600A4F62D;
			productRefGroup = C5CCBC8B1A9CF04600A4F62D /* Products */;
			projectDirPath = "";
			projectRoot = "";
			targets = (
				C5CCBC891A9CF04600A4F62D /* ThimbleOfHoney */,
				C5CCBC9E1A9CF04600A4F62D /* ThimbleOfHoneyTests */,
			);
		};
/* End PBXProject section */

/* Begin PBXResourcesBuildPhase section */
		C5CCBC881A9CF04600A4F62D /* Resources */ = {
			isa = PBXResourcesBuildPhase;
			buildActionMask = 2147483647;
			files = (
				C5392FA61AAE2F6300D72708 /* Main.storyboard in Resources */,
				C5BE592A1AC78CA000611975 /* SwiftImageLoader.license in Resources */,
				C5392F8A1AAE2F3A00D72708 /* .gitignore in Resources */,
				C5392FA81AAE2F6300D72708 /* Images.xcassets in Resources */,
				C5392E8F1AAE2F0800D72708 /* RougeScript-Regular.ttf in Resources */,
				C5BE592C1AC78F9D00611975 /* SWRevealViewController.license in Resources */,
				C5392FA71AAE2F6300D72708 /* LaunchScreen.xib in Resources */,
				C5BE59261AC78A7900611975 /* acknowledgementGenerator.rb in Resources */,
				C5392E901AAE2F0800D72708 /* QuattrocentoSans-Regular.ttf in Resources */,
				C5BE592E1ACACAD500611975 /* IJReachability.license in Resources */,
				C551D8421AAF506F00AC4C8B /* .gitignore in Resources */,
				C5392E911AAE2F0800D72708 /* YanoneKaffeesatz-Regular.ttf in Resources */,
				C5BE591C1AC77BB200611975 /* Settings.bundle in Resources */,
				C551D84A1AAF598900AC4C8B /* ApiKeys.plist in Resources */,
			);
			runOnlyForDeploymentPostprocessing = 0;
		};
		C5CCBC9D1A9CF04600A4F62D /* Resources */ = {
			isa = PBXResourcesBuildPhase;
			buildActionMask = 2147483647;
			files = (
			);
			runOnlyForDeploymentPostprocessing = 0;
		};
/* End PBXResourcesBuildPhase section */

/* Begin PBXShellScriptBuildPhase section */
		0A3A9E47F52AD1D4665361A9 /* Copy Pods Resources */ = {
			isa = PBXShellScriptBuildPhase;
			buildActionMask = 2147483647;
			files = (
			);
			inputPaths = (
			);
			name = "Copy Pods Resources";
			outputPaths = (
			);
			runOnlyForDeploymentPostprocessing = 0;
			shellPath = /bin/sh;
			shellScript = "\"${SRCROOT}/Pods/Target Support Files/Pods-ThimbleOfHoney/Pods-ThimbleOfHoney-resources.sh\"\n";
			showEnvVarsInLog = 0;
		};
		5BBA99337EC40CDCA5AE8584 /* Check Pods Manifest.lock */ = {
			isa = PBXShellScriptBuildPhase;
			buildActionMask = 2147483647;
			files = (
			);
			inputPaths = (
			);
			name = "Check Pods Manifest.lock";
			outputPaths = (
			);
			runOnlyForDeploymentPostprocessing = 0;
			shellPath = /bin/sh;
			shellScript = "diff \"${PODS_ROOT}/../Podfile.lock\" \"${PODS_ROOT}/Manifest.lock\" > /dev/null\nif [[ $? != 0 ]] ; then\n    cat << EOM\nerror: The sandbox is not in sync with the Podfile.lock. Run 'pod install' or update your CocoaPods installation.\nEOM\n    exit 1\nfi\n";
			showEnvVarsInLog = 0;
		};
		A52080714AE42237C1D2BEEC /* Embed Pods Frameworks */ = {
			isa = PBXShellScriptBuildPhase;
			buildActionMask = 2147483647;
			files = (
			);
			inputPaths = (
			);
			name = "Embed Pods Frameworks";
			outputPaths = (
			);
			runOnlyForDeploymentPostprocessing = 0;
			shellPath = /bin/sh;
			shellScript = "\"${SRCROOT}/Pods/Target Support Files/Pods-ThimbleOfHoney/Pods-ThimbleOfHoney-frameworks.sh\"\n";
			showEnvVarsInLog = 0;
		};
		C5BE591E1AC7816700611975 /* ShellScript */ = {
			isa = PBXShellScriptBuildPhase;
			buildActionMask = 2147483647;
			files = (
			);
			inputPaths = (
			);
			outputPaths = (
			);
			runOnlyForDeploymentPostprocessing = 0;
			shellPath = /bin/sh;
			shellScript = "if gem list CFPropertyList -i; then\nruby ${PROJECT_NAME}/Resources/acknowledgementGenerator.rb \"${PROJECT_NAME}/Resources/Settings.bundle\" \"${PROJECT_NAME}/Resources//licenses\"\nfi";
		};
/* End PBXShellScriptBuildPhase section */

/* Begin PBXSourcesBuildPhase section */
		C5CCBC861A9CF04600A4F62D /* Sources */ = {
			isa = PBXSourcesBuildPhase;
			buildActionMask = 2147483647;
			files = (
				C5392E8A1AAE2EB800D72708 /* AboutMeViewController.swift in Sources */,
				C5392E851AAE2E0300D72708 /* PostsTableViewController.swift in Sources */,
				C5FF36ED1ABE355A006829E7 /* SWRevealViewController.m in Sources */,
				C5BE593F1AD443DD00611975 /* FavoritesTableViewController.swift in Sources */,
				C5392E861AAE2E0300D72708 /* PostsTableViewCell.swift in Sources */,
				C5FF36E71ABE1B7F006829E7 /* MenuViewController.swift in Sources */,
				C5392FAB1AAF4B1800D72708 /* PushNotificationController.swift in Sources */,
				C5392F9C1AAE2F4400D72708 /* XMLParser.swift in Sources */,
				C5392E881AAE2E1000D72708 /* PostDetailViewController.swift in Sources */,
				C5BE59351ACC567A00611975 /* UIColorExtensions.swift in Sources */,
				C551D8461AAF54BE00AC4C8B /* ApiKeys.swift in Sources */,
				C5BE59411AD4490100611975 /* StringExtensions.swift in Sources */,
				C5392FA01AAE2F5800D72708 /* BlogPost.swift in Sources */,
				C5392F8B1AAE2F3A00D72708 /* ImageLoader.swift in Sources */,
				C5392F9E1AAE2F4F00D72708 /* AppDelegate.swift in Sources */,
			);
			runOnlyForDeploymentPostprocessing = 0;
		};
		C5CCBC9B1A9CF04600A4F62D /* Sources */ = {
			isa = PBXSourcesBuildPhase;
			buildActionMask = 2147483647;
			files = (
				C5CCBCA61A9CF04600A4F62D /* ThimbleOfHoneyTests.swift in Sources */,
			);
			runOnlyForDeploymentPostprocessing = 0;
		};
/* End PBXSourcesBuildPhase section */

/* Begin PBXTargetDependency section */
		C5CCBCA11A9CF04600A4F62D /* PBXTargetDependency */ = {
			isa = PBXTargetDependency;
			target = C5CCBC891A9CF04600A4F62D /* ThimbleOfHoney */;
			targetProxy = C5CCBCA01A9CF04600A4F62D /* PBXContainerItemProxy */;
		};
/* End PBXTargetDependency section */

/* Begin PBXVariantGroup section */
		C5392FA21AAE2F6300D72708 /* Main.storyboard */ = {
			isa = PBXVariantGroup;
			children = (
				C5392FA31AAE2F6300D72708 /* Base */,
			);
			name = Main.storyboard;
			sourceTree = "<group>";
		};
/* End PBXVariantGroup section */

/* Begin XCBuildConfiguration section */
		C5CCBCA71A9CF04600A4F62D /* Debug */ = {
			isa = XCBuildConfiguration;
			buildSettings = {
				ALWAYS_SEARCH_USER_PATHS = NO;
				CLANG_CXX_LANGUAGE_STANDARD = "gnu++0x";
				CLANG_CXX_LIBRARY = "libc++";
				CLANG_ENABLE_MODULES = YES;
				CLANG_ENABLE_OBJC_ARC = YES;
				CLANG_WARN_BOOL_CONVERSION = YES;
				CLANG_WARN_CONSTANT_CONVERSION = YES;
				CLANG_WARN_DIRECT_OBJC_ISA_USAGE = YES_ERROR;
				CLANG_WARN_EMPTY_BODY = YES;
				CLANG_WARN_ENUM_CONVERSION = YES;
				CLANG_WARN_INT_CONVERSION = YES;
				CLANG_WARN_OBJC_ROOT_CLASS = YES_ERROR;
				CLANG_WARN_UNREACHABLE_CODE = YES;
				CLANG_WARN__DUPLICATE_METHOD_MATCH = YES;
				CODE_SIGN_IDENTITY = "";
				"CODE_SIGN_IDENTITY[sdk=iphoneos*]" = "";
				COPY_PHASE_STRIP = NO;
				ENABLE_STRICT_OBJC_MSGSEND = YES;
				GCC_C_LANGUAGE_STANDARD = gnu99;
				GCC_DYNAMIC_NO_PIC = NO;
				GCC_OPTIMIZATION_LEVEL = 0;
				GCC_PREPROCESSOR_DEFINITIONS = (
					"DEBUG=1",
					"$(inherited)",
				);
				GCC_SYMBOLS_PRIVATE_EXTERN = NO;
				GCC_WARN_64_TO_32_BIT_CONVERSION = YES;
				GCC_WARN_ABOUT_RETURN_TYPE = YES_ERROR;
				GCC_WARN_UNDECLARED_SELECTOR = YES;
				GCC_WARN_UNINITIALIZED_AUTOS = YES_AGGRESSIVE;
				GCC_WARN_UNUSED_FUNCTION = YES;
				GCC_WARN_UNUSED_VARIABLE = YES;
				IPHONEOS_DEPLOYMENT_TARGET = 8.1;
				MTL_ENABLE_DEBUG_INFO = YES;
				ONLY_ACTIVE_ARCH = YES;
				PROVISIONING_PROFILE = "97eb41e6-dccd-42bb-bb66-a5b57d09349e";
				SDKROOT = iphoneos;
				SWIFT_OPTIMIZATION_LEVEL = "-Onone";
			};
			name = Debug;
		};
		C5CCBCA81A9CF04600A4F62D /* Release */ = {
			isa = XCBuildConfiguration;
			buildSettings = {
				ALWAYS_SEARCH_USER_PATHS = NO;
				CLANG_CXX_LANGUAGE_STANDARD = "gnu++0x";
				CLANG_CXX_LIBRARY = "libc++";
				CLANG_ENABLE_MODULES = YES;
				CLANG_ENABLE_OBJC_ARC = YES;
				CLANG_WARN_BOOL_CONVERSION = YES;
				CLANG_WARN_CONSTANT_CONVERSION = YES;
				CLANG_WARN_DIRECT_OBJC_ISA_USAGE = YES_ERROR;
				CLANG_WARN_EMPTY_BODY = YES;
				CLANG_WARN_ENUM_CONVERSION = YES;
				CLANG_WARN_INT_CONVERSION = YES;
				CLANG_WARN_OBJC_ROOT_CLASS = YES_ERROR;
				CLANG_WARN_UNREACHABLE_CODE = YES;
				CLANG_WARN__DUPLICATE_METHOD_MATCH = YES;
				"CODE_SIGN_IDENTITY[sdk=iphoneos*]" = "iPhone Developer: Conner Simmons (WLS28UCV9R)";
				COPY_PHASE_STRIP = YES;
				ENABLE_NS_ASSERTIONS = NO;
				ENABLE_STRICT_OBJC_MSGSEND = YES;
				GCC_C_LANGUAGE_STANDARD = gnu99;
				GCC_WARN_64_TO_32_BIT_CONVERSION = YES;
				GCC_WARN_ABOUT_RETURN_TYPE = YES_ERROR;
				GCC_WARN_UNDECLARED_SELECTOR = YES;
				GCC_WARN_UNINITIALIZED_AUTOS = YES_AGGRESSIVE;
				GCC_WARN_UNUSED_FUNCTION = YES;
				GCC_WARN_UNUSED_VARIABLE = YES;
				IPHONEOS_DEPLOYMENT_TARGET = 8.1;
				MTL_ENABLE_DEBUG_INFO = NO;
				PROVISIONING_PROFILE = "";
				SDKROOT = iphoneos;
				VALIDATE_PRODUCT = YES;
			};
			name = Release;
		};
		C5CCBCAA1A9CF04600A4F62D /* Debug */ = {
			isa = XCBuildConfiguration;
			baseConfigurationReference = 071DD47821F7C19242F2D1CA /* Pods-ThimbleOfHoney.debug.xcconfig */;
			buildSettings = {
				ASSETCATALOG_COMPILER_APPICON_NAME = AppIcon;
				CLANG_ENABLE_MODULES = YES;
				CODE_SIGN_IDENTITY = "iPhone Developer";
				"CODE_SIGN_IDENTITY[sdk=iphoneos*]" = "iPhone Developer: Conner Simmons (WLS28UCV9R)";
				FRAMEWORK_SEARCH_PATHS = (
					"$(inherited)",
					"$(PROJECT_DIR)/ThimbleOfHoney",
					"$(PROJECT_DIR)/ThimbleOfHoney/Frameworks",
				);
				INFOPLIST_FILE = ThimbleOfHoney/Info.plist;
				IPHONEOS_DEPLOYMENT_TARGET = 8.1;
				LD_RUNPATH_SEARCH_PATHS = "$(inherited) @executable_path/Frameworks";
				PRODUCT_NAME = "$(TARGET_NAME)";
				PROVISIONING_PROFILE = "f78a655f-ac15-4768-aacd-d9f7b48db6cc";
				SWIFT_OBJC_BRIDGING_HEADER = "ThimbleOfHoney/ThimbleOfHoney-Bridging-Header.h";
				SWIFT_OPTIMIZATION_LEVEL = "-Onone";
			};
			name = Debug;
		};
		C5CCBCAB1A9CF04600A4F62D /* Release */ = {
			isa = XCBuildConfiguration;
			baseConfigurationReference = 42314701E9D7697CA59685B4 /* Pods-ThimbleOfHoney.release.xcconfig */;
			buildSettings = {
				ASSETCATALOG_COMPILER_APPICON_NAME = AppIcon;
				CLANG_ENABLE_MODULES = YES;
				CODE_SIGN_IDENTITY = "iPhone Developer";
				"CODE_SIGN_IDENTITY[sdk=iphoneos*]" = "iPhone Developer: Conner Simmons (WLS28UCV9R)";
				FRAMEWORK_SEARCH_PATHS = (
					"$(inherited)",
					"$(PROJECT_DIR)/ThimbleOfHoney",
					"$(PROJECT_DIR)/ThimbleOfHoney/Frameworks",
				);
				INFOPLIST_FILE = ThimbleOfHoney/Info.plist;
				IPHONEOS_DEPLOYMENT_TARGET = 8.1;
				LD_RUNPATH_SEARCH_PATHS = "$(inherited) @executable_path/Frameworks";
				PRODUCT_NAME = "$(TARGET_NAME)";
				PROVISIONING_PROFILE = "";
				SWIFT_OBJC_BRIDGING_HEADER = "ThimbleOfHoney/ThimbleOfHoney-Bridging-Header.h";
			};
			name = Release;
		};
		C5CCBCAD1A9CF04600A4F62D /* Debug */ = {
			isa = XCBuildConfiguration;
			buildSettings = {
				BUNDLE_LOADER = "$(TEST_HOST)";
				CODE_SIGN_IDENTITY = "iPhone Developer";
				"CODE_SIGN_IDENTITY[sdk=iphoneos*]" = "iPhone Developer";
				FRAMEWORK_SEARCH_PATHS = (
					"$(SDKROOT)/Developer/Library/Frameworks",
					"$(inherited)",
				);
				GCC_PREPROCESSOR_DEFINITIONS = (
					"DEBUG=1",
					"$(inherited)",
				);
				INFOPLIST_FILE = ThimbleOfHoneyTests/Info.plist;
				LD_RUNPATH_SEARCH_PATHS = "$(inherited) @executable_path/Frameworks @loader_path/Frameworks";
				PRODUCT_NAME = "$(TARGET_NAME)";
				PROVISIONING_PROFILE = "";
				TEST_HOST = "$(BUILT_PRODUCTS_DIR)/ThimbleOfHoney.app/ThimbleOfHoney";
			};
			name = Debug;
		};
		C5CCBCAE1A9CF04600A4F62D /* Release */ = {
			isa = XCBuildConfiguration;
			buildSettings = {
				BUNDLE_LOADER = "$(TEST_HOST)";
				CODE_SIGN_IDENTITY = "iPhone Developer";
				"CODE_SIGN_IDENTITY[sdk=iphoneos*]" = "iPhone Developer";
				FRAMEWORK_SEARCH_PATHS = (
					"$(SDKROOT)/Developer/Library/Frameworks",
					"$(inherited)",
				);
				INFOPLIST_FILE = ThimbleOfHoneyTests/Info.plist;
				LD_RUNPATH_SEARCH_PATHS = "$(inherited) @executable_path/Frameworks @loader_path/Frameworks";
				PRODUCT_NAME = "$(TARGET_NAME)";
				PROVISIONING_PROFILE = "";
				TEST_HOST = "$(BUILT_PRODUCTS_DIR)/ThimbleOfHoney.app/ThimbleOfHoney";
			};
			name = Release;
		};
/* End XCBuildConfiguration section */

/* Begin XCConfigurationList section */
		C5CCBC851A9CF04600A4F62D /* Build configuration list for PBXProject "ThimbleOfHoney" */ = {
			isa = XCConfigurationList;
			buildConfigurations = (
				C5CCBCA71A9CF04600A4F62D /* Debug */,
				C5CCBCA81A9CF04600A4F62D /* Release */,
			);
			defaultConfigurationIsVisible = 0;
			defaultConfigurationName = Release;
		};
		C5CCBCA91A9CF04600A4F62D /* Build configuration list for PBXNativeTarget "ThimbleOfHoney" */ = {
			isa = XCConfigurationList;
			buildConfigurations = (
				C5CCBCAA1A9CF04600A4F62D /* Debug */,
				C5CCBCAB1A9CF04600A4F62D /* Release */,
			);
			defaultConfigurationIsVisible = 0;
			defaultConfigurationName = Release;
		};
		C5CCBCAC1A9CF04600A4F62D /* Build configuration list for PBXNativeTarget "ThimbleOfHoneyTests" */ = {
			isa = XCConfigurationList;
			buildConfigurations = (
				C5CCBCAD1A9CF04600A4F62D /* Debug */,
				C5CCBCAE1A9CF04600A4F62D /* Release */,
			);
			defaultConfigurationIsVisible = 0;
			defaultConfigurationName = Release;
		};
/* End XCConfigurationList section */
	};
	rootObject = C5CCBC821A9CF04600A4F62D /* Project object */;
}
